lockfileVersion: 5.4

specifiers:
  svelte-autosize: ^1.0.1

devDependencies:
  svelte-autosize: 1.0.1

packages:

  /autosize/5.0.2:
    resolution: {integrity: sha512-FPVt5ynkqUAA9gcMZnJHka1XfQgr1WNd/yRfIjmj5WGmjua+u5Hl9hn8M2nU5CNy2bEIcj1ZUwXq7IOHsfZG9w==}
    dev: true

  /svelte-autosize/1.0.1:
    resolution: {integrity: sha512-HBk7Xrt5bS0rpp5zSUZvuXNKc0UhAxvJGLNy1eTHMDK/KkHb0UsgWpbyn60jW3tE2ZfuXfLttnHvvb1H4zZZ0Q==}
    dependencies:
      autosize: 5.0.2
    dev: true
